
Microsoft Visual Studio Solution File, Format Version 12.00
# Visual Studio Version 17
VisualStudioVersion = 17.11.35327.3
MinimumVisualStudioVersion = 10.0.40219.1
Project("{FAE04EC0-301F-11D3-BF4B-00C04F79EFBC}") = "ConsoleApp4", "ConsoleApp4\ConsoleApp4.csproj", "{99E1ABD9-0652-4035-BC76-C56CEBF066C4}"
EndProject
Global
	GlobalSection(SolutionConfigurationPlatforms) = preSolution
		Debug|Any CPU = Debug|Any CPU
		Release|Any CPU = Release|Any CPU
	EndGlobalSection
	GlobalSection(ProjectConfigurationPlatforms) = postSolution
		{99E1ABD9-0652-4035-BC76-C56CEBF066C4}.Debug|Any CPU.ActiveCfg = Debug|Any CPU
		{99E1ABD9-0652-4035-BC76-C56CEBF066C4}.Debug|Any CPU.Build.0 = Debug|Any CPU
		{99E1ABD9-0652-4035-BC76-C56CEBF066C4}.Release|Any CPU.ActiveCfg = Release|Any CPU
		{99E1ABD9-0652-4035-BC76-C56CEBF066C4}.Release|Any CPU.Build.0 = Release|Any CPU
	EndGlobalSection
	GlobalSection(SolutionProperties) = preSolution
		HideSolutionNode = FALSE
	EndGlobalSection
	GlobalSection(ExtensibilityGlobals) = postSolution
		SolutionGuid = {1E8699AD-6CE7-4FD9-B72D-6D646BA10428}
	EndGlobalSection
EndGlobal
